// !$*UTF8*$!
{
	archiveVersion = 1;
	classes = {
	};
	objectVersion = 50;
	objects = {

/* Begin PBXBuildFile section */
		6EB23961220564DB009D1E9F /* AppDelegate.swift in Sources */ = {isa = PBXBuildFile; fileRef = 6EB23960220564DB009D1E9F /* AppDelegate.swift */; };
		6EB23963220564DB009D1E9F /* ViewController.swift in Sources */ = {isa = PBXBuildFile; fileRef = 6EB23962220564DB009D1E9F /* ViewController.swift */; };
		6EB23966220564DB009D1E9F /* Main.storyboard in Resources */ = {isa = PBXBuildFile; fileRef = 6EB23964220564DB009D1E9F /* Main.storyboard */; };
		6EB23968220564DD009D1E9F /* Assets.xcassets in Resources */ = {isa = PBXBuildFile; fileRef = 6EB23967220564DD009D1E9F /* Assets.xcassets */; };
		6EB2396B220564DD009D1E9F /* LaunchScreen.storyboard in Resources */ = {isa = PBXBuildFile; fileRef = 6EB23969220564DD009D1E9F /* LaunchScreen.storyboard */; };
		6EB23976220564DE009D1E9F /* tipCalculatorPreworkTests.swift in Sources */ = {isa = PBXBuildFile; fileRef = 6EB23975220564DE009D1E9F /* tipCalculatorPreworkTests.swift */; };
		6EB23981220564DE009D1E9F /* tipCalculatorPreworkUITests.swift in Sources */ = {isa = PBXBuildFile; fileRef = 6EB23980220564DE009D1E9F /* tipCalculatorPreworkUITests.swift */; };
/* End PBXBuildFile section */

/* Begin PBXContainerItemProxy section */
		6EB23972220564DE009D1E9F /* PBXContainerItemProxy */ = {
			isa = PBXContainerItemProxy;
			containerPortal = 6EB23955220564DB009D1E9F /* Project object */;
			proxyType = 1;
			remoteGlobalIDString = 6EB2395C220564DB009D1E9F;
			remoteInfo = tipCalculatorPrework;
		};
		6EB2397D220564DE009D1E9F /* PBXContainerItemProxy */ = {
			isa = PBXContainerItemProxy;
			containerPortal = 6EB23955220564DB009D1E9F /* Project object */;
			proxyType = 1;
			remoteGlobalIDString = 6EB2395C220564DB009D1E9F;
			remoteInfo = tipCalculatorPrework;
		};
/* End PBXContainerItemProxy section */

/* Begin PBXFileReference section */
		6EB2395D220564DB009D1E9F /* tipCalculatorPrework.app */ = {isa = PBXFileReference; explicitFileType = wrapper.application; includeInIndex = 0; path = tipCalculatorPrework.app; sourceTree = BUILT_PRODUCTS_DIR; };
		6EB23960220564DB009D1E9F /* AppDelegate.swift */ = {isa = PBXFileReference; lastKnownFileType = sourcecode.swift; path = AppDelegate.swift; sourceTree = "<group>"; };
		6EB23962220564DB009D1E9F /* ViewController.swift */ = {isa = PBXFileReference; lastKnownFileType = sourcecode.swift; path = ViewController.swift; sourceTree = "<group>"; };
		6EB23965220564DB009D1E9F /* Base */ = {isa = PBXFileReference; lastKnownFileType = file.storyboard; name = Base; path = Base.lproj/Main.storyboard; sourceTree = "<group>"; };
		6EB23967220564DD009D1E9F /* Assets.xcassets */ = {isa = PBXFileReference; lastKnownFileType = folder.assetcatalog; path = Assets.xcassets; sourceTree = "<group>"; };
		6EB2396A220564DD009D1E9F /* Base */ = {isa = PBXFileReference; lastKnownFileType = file.storyboard; name = Base; path = Base.lproj/LaunchScreen.storyboard; sourceTree = "<group>"; };
		6EB2396C220564DD009D1E9F /* Info.plist */ = {isa = PBXFileReference; lastKnownFileType = text.plist.xml; path = Info.plist; sourceTree = "<group>"; };
		6EB23971220564DE009D1E9F /* tipCalculatorPreworkTests.xctest */ = {isa = PBXFileReference; explicitFileType = wrapper.cfbundle; includeInIndex = 0; path = tipCalculatorPreworkTests.xctest; sourceTree = BUILT_PRODUCTS_DIR; };
		6EB23975220564DE009D1E9F /* tipCalculatorPreworkTests.swift */ = {isa = PBXFileReference; lastKnownFileType = sourcecode.swift; path = tipCalculatorPreworkTests.swift; sourceTree = "<group>"; };
		6EB23977220564DE009D1E9F /* Info.plist */ = {isa = PBXFileReference; lastKnownFileType = text.plist.xml; path = Info.plist; sourceTree = "<group>"; };
		6EB2397C220564DE009D1E9F /* tipCalculatorPreworkUITests.xctest */ = {isa = PBXFileReference; explicitFileType = wrapper.cfbundle; includeInIndex = 0; path = tipCalculatorPreworkUITests.xctest; sourceTree = BUILT_PRODUCTS_DIR; };
		6EB23980220564DE009D1E9F /* tipCalculatorPreworkUITests.swift */ = {isa = PBXFileReference; lastKnownFileType = sourcecode.swift; path = tipCalculatorPreworkUITests.swift; sourceTree = "<group>"; };
		6EB23982220564DE009D1E9F /* Info.plist */ = {isa = PBXFileReference; lastKnownFileType = text.plist.xml; path = Info.plist; sourceTree = "<group>"; };
/* End PBXFileReference section */

/* Begin PBXFrameworksBuildPhase section */
		6EB2395A220564DB009D1E9F /* Frameworks */ = {
			isa = PBXFrameworksBuildPhase;
			buildActionMask = 2147483647;
			files = (
			);
			runOnlyForDeploymentPostprocessing = 0;
		};
		6EB2396E220564DE009D1E9F /* Frameworks */ = {
			isa = PBXFrameworksBuildPhase;
			buildActionMask = 2147483647;
			files = (
			);
			runOnlyForDeploymentPostprocessing = 0;
		};
		6EB23979220564DE009D1E9F /* Frameworks */ = {
			isa = PBXFrameworksBuildPhase;
			buildActionMask = 2147483647;
			files = (
			);
			runOnlyForDeploymentPostprocessing = 0;
		};
/* End PBXFrameworksBuildPhase section */

/* Begin PBXGroup section */
		6EB23954220564DB009D1E9F = {
			isa = PBXGroup;
			children = (
				6EB2395F220564DB009D1E9F /* tipCalculatorPrework */,
				6EB23974220564DE009D1E9F /* tipCalculatorPreworkTests */,
				6EB2397F220564DE009D1E9F /* tipCalculatorPreworkUITests */,
				6EB2395E220564DB009D1E9F /* Products */,
			);
			sourceTree = "<group>";
		};
		6EB2395E220564DB009D1E9F /* Products */ = {
			isa = PBXGroup;
			children = (
				6EB2395D220564DB009D1E9F /* tipCalculatorPrework.app */,
				6EB23971220564DE009D1E9F /* tipCalculatorPreworkTests.xctest */,
				6EB2397C220564DE009D1E9F /* tipCalculatorPreworkUITests.xctest */,
			);
			name = Products;
			sourceTree = "<group>";
		};
		6EB2395F220564DB009D1E9F /* tipCalculatorPrework */ = {
			isa = PBXGroup;
			children = (
				6EB23960220564DB009D1E9F /* AppDelegate.swift */,
				6EB23962220564DB009D1E9F /* ViewController.swift */,
				6EB23964220564DB009D1E9F /* Main.storyboard */,
				6EB23967220564DD009D1E9F /* Assets.xcassets */,
				6EB23969220564DD009D1E9F /* LaunchScreen.storyboard */,
				6EB2396C220564DD009D1E9F /* Info.plist */,
			);
			path = tipCalculatorPrework;
			sourceTree = "<group>";
		};
		6EB23974220564DE009D1E9F /* tipCalculatorPreworkTests */ = {
			isa = PBXGroup;
			children = (
				6EB23975220564DE009D1E9F /* tipCalculatorPreworkTests.swift */,
				6EB23977220564DE009D1E9F /* Info.plist */,
			);
			path = tipCalculatorPreworkTests;
			sourceTree = "<group>";
		};
		6EB2397F220564DE009D1E9F /* tipCalculatorPreworkUITests */ = {
			isa = PBXGroup;
			children = (
				6EB23980220564DE009D1E9F /* tipCalculatorPreworkUITests.swift */,
				6EB23982220564DE009D1E9F /* Info.plist */,
			);
			path = tipCalculatorPreworkUITests;
			sourceTree = "<group>";
		};
/* End PBXGroup section */

/* Begin PBXNativeTarget section */
		6EB2395C220564DB009D1E9F /* tipCalculatorPrework */ = {
			isa = PBXNativeTarget;
			buildConfigurationList = 6EB23985220564DE009D1E9F /* Build configuration list for PBXNativeTarget "tipCalculatorPrework" */;
			buildPhases = (
				6EB23959220564DB009D1E9F /* Sources */,
				6EB2395A220564DB009D1E9F /* Frameworks */,
				6EB2395B220564DB009D1E9F /* Resources */,
			);
			buildRules = (
			);
			dependencies = (
			);
			name = tipCalculatorPrework;
			productName = tipCalculatorPrework;
			productReference = 6EB2395D220564DB009D1E9F /* tipCalculatorPrework.app */;
			productType = "com.apple.product-type.application";
		};
		6EB23970220564DE009D1E9F /* tipCalculatorPreworkTests */ = {
			isa = PBXNativeTarget;
			buildConfigurationList = 6EB23988220564DE009D1E9F /* Build configuration list for PBXNativeTarget "tipCalculatorPreworkTests" */;
			buildPhases = (
				6EB2396D220564DE009D1E9F /* Sources */,
				6EB2396E220564DE009D1E9F /* Frameworks */,
				6EB2396F220564DE009D1E9F /* Resources */,
			);
			buildRules = (
			);
			dependencies = (
				6EB23973220564DE009D1E9F /* PBXTargetDependency */,
			);
			name = tipCalculatorPreworkTests;
			productName = tipCalculatorPreworkTests;
			productReference = 6EB23971220564DE009D1E9F /* tipCalculatorPreworkTests.xctest */;
			productType = "com.apple.product-type.bundle.unit-test";
		};
		6EB2397B220564DE009D1E9F /* tipCalculatorPreworkUITests */ = {
			isa = PBXNativeTarget;
			buildConfigurationList = 6EB2398B220564DE009D1E9F /* Build configuration list for PBXNativeTarget "tipCalculatorPreworkUITests" */;
			buildPhases = (
				6EB23978220564DE009D1E9F /* Sources */,
				6EB23979220564DE009D1E9F /* Frameworks */,
				6EB2397A220564DE009D1E9F /* Resources */,
			);
			buildRules = (
			);
			dependencies = (
				6EB2397E220564DE009D1E9F /* PBXTargetDependency */,
			);
			name = tipCalculatorPreworkUITests;
			productName = tipCalculatorPreworkUITests;
			productReference = 6EB2397C220564DE009D1E9F /* tipCalculatorPreworkUITests.xctest */;
			productType = "com.apple.product-type.bundle.ui-testing";
		};
/* End PBXNativeTarget section */

/* Begin PBXProject section */
		6EB23955220564DB009D1E9F /* Project object */ = {
			isa = PBXProject;
			attributes = {
				LastSwiftUpdateCheck = 1010;
				LastUpgradeCheck = 1010;
				ORGANIZATIONNAME = "Russelle Pineda";
				TargetAttributes = {
					6EB2395C220564DB009D1E9F = {
						CreatedOnToolsVersion = 10.1;
					};
					6EB23970220564DE009D1E9F = {
						CreatedOnToolsVersion = 10.1;
						TestTargetID = 6EB2395C220564DB009D1E9F;
					};
					6EB2397B220564DE009D1E9F = {
						CreatedOnToolsVersion = 10.1;
						TestTargetID = 6EB2395C220564DB009D1E9F;
					};
				};
			};
			buildConfigurationList = 6EB23958220564DB009D1E9F /* Build configuration list for PBXProject "tipCalculatorPrework" */;
			compatibilityVersion = "Xcode 9.3";
			developmentRegion = en;
			hasScannedForEncodings = 0;
			knownRegions = (
				en,
				Base,
			);
			mainGroup = 6EB23954220564DB009D1E9F;
			productRefGroup = 6EB2395E220564DB009D1E9F /* Products */;
			projectDirPath = "";
			projectRoot = "";
			targets = (
				6EB2395C220564DB009D1E9F /* tipCalculatorPrework */,
				6EB23970220564DE009D1E9F /* tipCalculatorPreworkTests */,
				6EB2397B220564DE009D1E9F /* tipCalculatorPreworkUITests */,
			);
		};
/* End PBXProject section */

/* Begin PBXResourcesBuildPhase section */
		6EB2395B220564DB009D1E9F /* Resources */ = {
			isa = PBXResourcesBuildPhase;
			buildActionMask = 2147483647;
			files = (
				6EB2396B220564DD009D1E9F /* LaunchScreen.storyboard in Resources */,
				6EB23968220564DD009D1E9F /* Assets.xcassets in Resources */,
				6EB23966220564DB009D1E9F /* Main.storyboard in Resources */,
			);
			runOnlyForDeploymentPostprocessing = 0;
		};
		6EB2396F220564DE009D1E9F /* Resources */ = {
			isa = PBXResourcesBuildPhase;
			buildActionMask = 2147483647;
			files = (
			);
			runOnlyForDeploymentPostprocessing = 0;
		};
		6EB2397A220564DE009D1E9F /* Resources */ = {
			isa = PBXResourcesBuildPhase;
			buildActionMask = 2147483647;
			files = (
			);
			runOnlyForDeploymentPostprocessing = 0;
		};
/* End PBXResourcesBuildPhase section */

/* Begin PBXSourcesBuildPhase section */
		6EB23959220564DB009D1E9F /* Sources */ = {
			isa = PBXSourcesBuildPhase;
			buildActionMask = 2147483647;
			files = (
				6EB23963220564DB009D1E9F /* ViewController.swift in Sources */,
				6EB23961220564DB009D1E9F /* AppDelegate.swift in Sources */,
			);
			runOnlyForDeploymentPostprocessing = 0;
		};
		6EB2396D220564DE009D1E9F /* Sources */ = {
			isa = PBXSourcesBuildPhase;
			buildActionMask = 2147483647;
			files = (
				6EB23976220564DE009D1E9F /* tipCalculatorPreworkTests.swift in Sources */,
			);
			runOnlyForDeploymentPostprocessing = 0;
		};
		6EB23978220564DE009D1E9F /* Sources */ = {
			isa = PBXSourcesBuildPhase;
			buildActionMask = 2147483647;
			files = (
				6EB23981220564DE009D1E9F /* tipCalculatorPreworkUITests.swift in Sources */,
			);
			runOnlyForDeploymentPostprocessing = 0;
		};
/* End PBXSourcesBuildPhase section */

/* Begin PBXTargetDependency section */
		6EB23973220564DE009D1E9F /* PBXTargetDependency */ = {
			isa = PBXTargetDependency;
			target = 6EB2395C220564DB009D1E9F /* tipCalculatorPrework */;
			targetProxy = 6EB23972220564DE009D1E9F /* PBXContainerItemProxy */;
		};
		6EB2397E220564DE009D1E9F /* PBXTargetDependency */ = {
			isa = PBXTargetDependency;
			target = 6EB2395C220564DB009D1E9F /* tipCalculatorPrework */;
			targetProxy = 6EB2397D220564DE009D1E9F /* PBXContainerItemProxy */;
		};
/* End PBXTargetDependency section */

/* Begin PBXVariantGroup section */
		6EB23964220564DB009D1E9F /* Main.storyboard */ = {
			isa = PBXVariantGroup;
			children = (
				6EB23965220564DB009D1E9F /* Base */,
			);
			name = Main.storyboard;
			sourceTree = "<group>";
		};
		6EB23969220564DD009D1E9F /* LaunchScreen.storyboard */ = {
			isa = PBXVariantGroup;
			children = (
				6EB2396A220564DD009D1E9F /* Base */,
			);
			name = LaunchScreen.storyboard;
			sourceTree = "<group>";
		};
/* End PBXVariantGroup section */

/* Begin XCBuildConfiguration section */
		6EB23983220564DE009D1E9F /* Debug */ = {
			isa = XCBuildConfiguration;
			buildSettings = {
				ALWAYS_SEARCH_USER_PATHS = NO;
				CLANG_ANALYZER_NONNULL = YES;
				CLANG_ANALYZER_NUMBER_OBJECT_CONVERSION = YES_AGGRESSIVE;
				CLANG_CXX_LANGUAGE_STANDARD = "gnu++14";
				CLANG_CXX_LIBRARY = "libc++";
				CLANG_ENABLE_MODULES = YES;
				CLANG_ENABLE_OBJC_ARC = YES;
				CLANG_ENABLE_OBJC_WEAK = YES;
				CLANG_WARN_BLOCK_CAPTURE_AUTORELEASING = YES;
				CLANG_WARN_BOOL_CONVERSION = YES;
				CLANG_WARN_COMMA = YES;
				CLANG_WARN_CONSTANT_CONVERSION = YES;
				CLANG_WARN_DEPRECATED_OBJC_IMPLEMENTATIONS = YES;
				CLANG_WARN_DIRECT_OBJC_ISA_USAGE = YES_ERROR;
				CLANG_WARN_DOCUMENTATION_COMMENTS = YES;
				CLANG_WARN_EMPTY_BODY = YES;
				CLANG_WARN_ENUM_CONVERSION = YES;
				CLANG_WARN_INFINITE_RECURSION = YES;
				CLANG_WARN_INT_CONVERSION = YES;
				CLANG_WARN_NON_LITERAL_NULL_CONVERSION = YES;
				CLANG_WARN_OBJC_IMPLICIT_RETAIN_SELF = YES;
				CLANG_WARN_OBJC_LITERAL_CONVERSION = YES;
				CLANG_WARN_OBJC_ROOT_CLASS = YES_ERROR;
				CLANG_WARN_RANGE_LOOP_ANALYSIS = YES;
				CLANG_WARN_STRICT_PROTOTYPES = YES;
				CLANG_WARN_SUSPICIOUS_MOVE = YES;
				CLANG_WARN_UNGUARDED_AVAILABILITY = YES_AGGRESSIVE;
				CLANG_WARN_UNREACHABLE_CODE = YES;
				CLANG_WARN__DUPLICATE_METHOD_MATCH = YES;
				CODE_SIGN_IDENTITY = "iPhone Developer";
				COPY_PHASE_STRIP = NO;
				DEBUG_INFORMATION_FORMAT = dwarf;
				ENABLE_STRICT_OBJC_MSGSEND = YES;
				ENABLE_TESTABILITY = YES;
				GCC_C_LANGUAGE_STANDARD = gnu11;
				GCC_DYNAMIC_NO_PIC = NO;
				GCC_NO_COMMON_BLOCKS = YES;
				GCC_OPTIMIZATION_LEVEL = 0;
				GCC_PREPROCESSOR_DEFINITIONS = (
					"DEBUG=1",
					"$(inherited)",
				);
				GCC_WARN_64_TO_32_BIT_CONVERSION = YES;
				GCC_WARN_ABOUT_RETURN_TYPE = YES_ERROR;
				GCC_WARN_UNDECLARED_SELECTOR = YES;
				GCC_WARN_UNINITIALIZED_AUTOS = YES_AGGRESSIVE;
				GCC_WARN_UNUSED_FUNCTION = YES;
				GCC_WARN_UNUSED_VARIABLE = YES;
				IPHONEOS_DEPLOYMENT_TARGET = 12.1;
				MTL_ENABLE_DEBUG_INFO = INCLUDE_SOURCE;
				MTL_FAST_MATH = YES;
				ONLY_ACTIVE_ARCH = YES;
				SDKROOT = iphoneos;
				SWIFT_ACTIVE_COMPILATION_CONDITIONS = DEBUG;
				SWIFT_OPTIMIZATION_LEVEL = "-Onone";
			};
			name = Debug;
		};
		6EB23984220564DE009D1E9F /* Release */ = {
			isa = XCBuildConfiguration;
			buildSettings = {
				ALWAYS_SEARCH_USER_PATHS = NO;
				CLANG_ANALYZER_NONNULL = YES;
				CLANG_ANALYZER_NUMBER_OBJECT_CONVERSION = YES_AGGRESSIVE;
				CLANG_CXX_LANGUAGE_STANDARD = "gnu++14";
				CLANG_CXX_LIBRARY = "libc++";
				CLANG_ENABLE_MODULES = YES;
				CLANG_ENABLE_OBJC_ARC = YES;
				CLANG_ENABLE_OBJC_WEAK = YES;
				CLANG_WARN_BLOCK_CAPTURE_AUTORELEASING = YES;
				CLANG_WARN_BOOL_CONVERSION = YES;
				CLANG_WARN_COMMA = YES;
				CLANG_WARN_CONSTANT_CONVERSION = YES;
				CLANG_WARN_DEPRECATED_OBJC_IMPLEMENTATIONS = YES;
				CLANG_WARN_DIRECT_OBJC_ISA_USAGE = YES_ERROR;
				CLANG_WARN_DOCUMENTATION_COMMENTS = YES;
				CLANG_WARN_EMPTY_BODY = YES;
				CLANG_WARN_ENUM_CONVERSION = YES;
				CLANG_WARN_INFINITE_RECURSION = YES;
				CLANG_WARN_INT_CONVERSION = YES;
				CLANG_WARN_NON_LITERAL_NULL_CONVERSION = YES;
				CLANG_WARN_OBJC_IMPLICIT_RETAIN_SELF = YES;
				CLANG_WARN_OBJC_LITERAL_CONVERSION = YES;
				CLANG_WARN_OBJC_ROOT_CLASS = YES_ERROR;
				CLANG_WARN_RANGE_LOOP_ANALYSIS = YES;
				CLANG_WARN_STRICT_PROTOTYPES = YES;
				CLANG_WARN_SUSPICIOUS_MOVE = YES;
				CLANG_WARN_UNGUARDED_AVAILABILITY = YES_AGGRESSIVE;
				CLANG_WARN_UNREACHABLE_CODE = YES;
				CLANG_WARN__DUPLICATE_METHOD_MATCH = YES;
				CODE_SIGN_IDENTITY = "iPhone Developer";
				COPY_PHASE_STRIP = NO;
				DEBUG_INFORMATION_FORMAT = "dwarf-with-dsym";
				ENABLE_NS_ASSERTIONS = NO;
				ENABLE_STRICT_OBJC_MSGSEND = YES;
				GCC_C_LANGUAGE_STANDARD = gnu11;
				GCC_NO_COMMON_BLOCKS = YES;
				GCC_WARN_64_TO_32_BIT_CONVERSION = YES;
				GCC_WARN_ABOUT_RETURN_TYPE = YES_ERROR;
				GCC_WARN_UNDECLARED_SELECTOR = YES;
				GCC_WARN_UNINITIALIZED_AUTOS = YES_AGGRESSIVE;
				GCC_WARN_UNUSED_FUNCTION = YES;
				GCC_WARN_UNUSED_VARIABLE = YES;
				IPHONEOS_DEPLOYMENT_TARGET = 12.1;
				MTL_ENABLE_DEBUG_INFO = NO;
				MTL_FAST_MATH = YES;
				SDKROOT = iphoneos;
				SWIFT_COMPILATION_MODE = wholemodule;
				SWIFT_OPTIMIZATION_LEVEL = "-O";
				VALIDATE_PRODUCT = YES;
			};
			name = Release;
		};
		6EB23986220564DE009D1E9F /* Debug */ = {
			isa = XCBuildConfiguration;
			buildSettings = {
				ASSETCATALOG_COMPILER_APPICON_NAME = AppIcon;
				CODE_SIGN_STYLE = Automatic;
				INFOPLIST_FILE = tipCalculatorPrework/Info.plist;
				LD_RUNPATH_SEARCH_PATHS = (
					"$(inherited)",
					"@executable_path/Frameworks",
				);
				PRODUCT_BUNDLE_IDENTIFIER = com.RussellePineda.tipCalculatorPrework;
				PRODUCT_NAME = "$(TARGET_NAME)";
				SWIFT_VERSION = 4.2;
				TARGETED_DEVICE_FAMILY = "1,2";
			};
			name = Debug;
		};
		6EB23987220564DE009D1E9F /* Release */ = {
			isa = XCBuildConfiguration;
			buildSettings = {
				ASSETCATALOG_COMPILER_APPICON_NAME = AppIcon;
				CODE_SIGN_STYLE = Automatic;
				INFOPLIST_FILE = tipCalculatorPrework/Info.plist;
				LD_RUNPATH_SEARCH_PATHS = (
					"$(inherited)",
					"@executable_path/Frameworks",
				);
				PRODUCT_BUNDLE_IDENTIFIER = com.RussellePineda.tipCalculatorPrework;
				PRODUCT_NAME = "$(TARGET_NAME)";
				SWIFT_VERSION = 4.2;
				TARGETED_DEVICE_FAMILY = "1,2";
			};
			name = Release;
		};
		6EB23989220564DE009D1E9F /* Debug */ = {
			isa = XCBuildConfiguration;
			buildSettings = {
				ALWAYS_EMBED_SWIFT_STANDARD_LIBRARIES = YES;
				BUNDLE_LOADER = "$(TEST_HOST)";
				CODE_SIGN_STYLE = Automatic;
				INFOPLIST_FILE = tipCalculatorPreworkTests/Info.plist;
				LD_RUNPATH_SEARCH_PATHS = (
					"$(inherited)",
					"@executable_path/Frameworks",
					"@loader_path/Frameworks",
				);
				PRODUCT_BUNDLE_IDENTIFIER = com.RussellePineda.tipCalculatorPreworkTests;
				PRODUCT_NAME = "$(TARGET_NAME)";
				SWIFT_VERSION = 4.2;
				TARGETED_DEVICE_FAMILY = "1,2";
				TEST_HOST = "$(BUILT_PRODUCTS_DIR)/tipCalculatorPrework.app/tipCalculatorPrework";
			};
			name = Debug;
		};
		6EB2398A220564DE009D1E9F /* Release */ = {
			isa = XCBuildConfiguration;
			buildSettings = {
				ALWAYS_EMBED_SWIFT_STANDARD_LIBRARIES = YES;
				BUNDLE_LOADER = "$(TEST_HOST)";
				CODE_SIGN_STYLE = Automatic;
				INFOPLIST_FILE = tipCalculatorPreworkTests/Info.plist;
				LD_RUNPATH_SEARCH_PATHS = (
					"$(inherited)",
					"@executable_path/Frameworks",
					"@loader_path/Frameworks",
				);
				PRODUCT_BUNDLE_IDENTIFIER = com.RussellePineda.tipCalculatorPreworkTests;
				PRODUCT_NAME = "$(TARGET_NAME)";
				SWIFT_VERSION = 4.2;
				TARGETED_DEVICE_FAMILY = "1,2";
				TEST_HOST = "$(BUILT_PRODUCTS_DIR)/tipCalculatorPrework.app/tipCalculatorPrework";
			};
			name = Release;
		};
		6EB2398C220564DE009D1E9F /* Debug */ = {
			isa = XCBuildConfiguration;
			buildSettings = {
				ALWAYS_EMBED_SWIFT_STANDARD_LIBRARIES = YES;
				CODE_SIGN_STYLE = Automatic;
				INFOPLIST_FILE = tipCalculatorPreworkUITests/Info.plist;
				LD_RUNPATH_SEARCH_PATHS = (
					"$(inherited)",
					"@executable_path/Frameworks",
					"@loader_path/Frameworks",
				);
				PRODUCT_BUNDLE_IDENTIFIER = com.RussellePineda.tipCalculatorPreworkUITests;
				PRODUCT_NAME = "$(TARGET_NAME)";
				SWIFT_VERSION = 4.2;
				TARGETED_DEVICE_FAMILY = "1,2";
				TEST_TARGET_NAME = tipCalculatorPrework;
			};
			name = Debug;
		};
		6EB2398D220564DE009D1E9F /* Release */ = {
			isa = XCBuildConfiguration;
			buildSettings = {
				ALWAYS_EMBED_SWIFT_STANDARD_LIBRARIES = YES;
				CODE_SIGN_STYLE = Automatic;
				INFOPLIST_FILE = tipCalculatorPreworkUITests/Info.plist;
				LD_RUNPATH_SEARCH_PATHS = (
					"$(inherited)",
					"@executable_path/Frameworks",
					"@loader_path/Frameworks",
				);
				PRODUCT_BUNDLE_IDENTIFIER = com.RussellePineda.tipCalculatorPreworkUITests;
				PRODUCT_NAME = "$(TARGET_NAME)";
				SWIFT_VERSION = 4.2;
				TARGETED_DEVICE_FAMILY = "1,2";
				TEST_TARGET_NAME = tipCalculatorPrework;
			};
			name = Release;
		};
/* End XCBuildConfiguration section */

/* Begin XCConfigurationList section */
		6EB23958220564DB009D1E9F /* Build configuration list for PBXProject "tipCalculatorPrework" */ = {
			isa = XCConfigurationList;
			buildConfigurations = (
				6EB23983220564DE009D1E9F /* Debug */,
				6EB23984220564DE009D1E9F /* Release */,
			);
			defaultConfigurationIsVisible = 0;
			defaultConfigurationName = Release;
		};
		6EB23985220564DE009D1E9F /* Build configuration list for PBXNativeTarget "tipCalculatorPrework" */ = {
			isa = XCConfigurationList;
			buildConfigurations = (
				6EB23986220564DE009D1E9F /* Debug */,
				6EB23987220564DE009D1E9F /* Release */,
			);
			defaultConfigurationIsVisible = 0;
			defaultConfigurationName = Release;
		};
		6EB23988220564DE009D1E9F /* Build configuration list for PBXNativeTarget "tipCalculatorPreworkTests" */ = {
			isa = XCConfigurationList;
			buildConfigurations = (
				6EB23989220564DE009D1E9F /* Debug */,
				6EB2398A220564DE009D1E9F /* Release */,
			);
			defaultConfigurationIsVisible = 0;
			defaultConfigurationName = Release;
		};
		6EB2398B220564DE009D1E9F /* Build configuration list for PBXNativeTarget "tipCalculatorPreworkUITests" */ = {
			isa = XCConfigurationList;
			buildConfigurations = (
				6EB2398C220564DE009D1E9F /* Debug */,
				6EB2398D220564DE009D1E9F /* Release */,
			);
			defaultConfigurationIsVisible = 0;
			defaultConfigurationName = Release;
		};
/* End XCConfigurationList section */
	};
	rootObject = 6EB23955220564DB009D1E9F /* Project object */;
}
